// !$*UTF8*$!
{
	archiveVersion = 1;
	classes = {
	};
	objectVersion = 56;
	objects = {

/* Begin PBXBuildFile section */
		FFAFF3B52BEA04A0004C5C8D /* AppDelegate.swift in Sources */ = {isa = PBXBuildFile; fileRef = FFAFF3B42BEA04A0004C5C8D /* AppDelegate.swift */; };
		FFAFF3B72BEA04A0004C5C8D /* SceneDelegate.swift in Sources */ = {isa = PBXBuildFile; fileRef = FFAFF3B62BEA04A0004C5C8D /* SceneDelegate.swift */; };
		FFAFF3B92BEA04A0004C5C8D /* ViewController.swift in Sources */ = {isa = PBXBuildFile; fileRef = FFAFF3B82BEA04A0004C5C8D /* ViewController.swift */; };
		FFAFF3BE2BEA04A2004C5C8D /* Assets.xcassets in Resources */ = {isa = PBXBuildFile; fileRef = FFAFF3BD2BEA04A2004C5C8D /* Assets.xcassets */; };
		FFAFF3C12BEA04A2004C5C8D /* Base in Resources */ = {isa = PBXBuildFile; fileRef = FFAFF3C02BEA04A2004C5C8D /* Base */; };
		FFAFF3CC2BEA054A004C5C8D /* BookData.swift in Sources */ = {isa = PBXBuildFile; fileRef = FFAFF3CB2BEA054A004C5C8D /* BookData.swift */; };
		FFAFF3CF2BEA065B004C5C8D /* Kingfisher in Frameworks */ = {isa = PBXBuildFile; productRef = FFAFF3CE2BEA065B004C5C8D /* Kingfisher */; };
		FFAFF3D22BEA0669004C5C8D /* SnapKit in Frameworks */ = {isa = PBXBuildFile; productRef = FFAFF3D12BEA0669004C5C8D /* SnapKit */; };
		FFAFF3D42BEA0669004C5C8D /* SnapKit-Dynamic in Frameworks */ = {isa = PBXBuildFile; productRef = FFAFF3D32BEA0669004C5C8D /* SnapKit-Dynamic */; };
		FFAFF3D72BEA067E004C5C8D /* Alamofire in Frameworks */ = {isa = PBXBuildFile; productRef = FFAFF3D62BEA067E004C5C8D /* Alamofire */; };
		FFAFF3D92BEA067E004C5C8D /* AlamofireDynamic in Frameworks */ = {isa = PBXBuildFile; productRef = FFAFF3D82BEA067E004C5C8D /* AlamofireDynamic */; };
		FFAFF3E02BEA0B83004C5C8D /* CollectionViewCell.swift in Sources */ = {isa = PBXBuildFile; fileRef = FFAFF3DE2BEA0B83004C5C8D /* CollectionViewCell.swift */; };
		FFAFF3E42BEA466D004C5C8D /* ImageViewCell.swift in Sources */ = {isa = PBXBuildFile; fileRef = FFAFF3E22BEA466D004C5C8D /* ImageViewCell.swift */; };
		FFAFF3E72BEAA391004C5C8D /* State.swift in Sources */ = {isa = PBXBuildFile; fileRef = FFAFF3E62BEAA391004C5C8D /* State.swift */; };
		FFAFF3F22BEAB6B8004C5C8D /* SearchListViewCell.swift in Sources */ = {isa = PBXBuildFile; fileRef = FFAFF3F02BEAB6B8004C5C8D /* SearchListViewCell.swift */; };
		FFAFF3F52BEB7D3D004C5C8D /* WishListView.swift in Sources */ = {isa = PBXBuildFile; fileRef = FFAFF3F42BEB7D3D004C5C8D /* WishListView.swift */; };
		FFAFF3F72BEB942F004C5C8D /* NetworkManager.swift in Sources */ = {isa = PBXBuildFile; fileRef = FFAFF3F62BEB942F004C5C8D /* NetworkManager.swift */; };
		FFAFF3F92BEB9A6A004C5C8D /* MainViewModel.swift in Sources */ = {isa = PBXBuildFile; fileRef = FFAFF3F82BEB9A69004C5C8D /* MainViewModel.swift */; };
		FFAFF3FB2BEBDE18004C5C8D /* Main.storyboard in Resources */ = {isa = PBXBuildFile; fileRef = FFAFF3FA2BEBDE18004C5C8D /* Main.storyboard */; };
		FFAFF3FD2BEC1E1C004C5C8D /* DetailView.swift in Sources */ = {isa = PBXBuildFile; fileRef = FFAFF3FC2BEC1E1C004C5C8D /* DetailView.swift */; };
		FFAFF3FF2BEC87F9004C5C8D /* CollectionViewCellDelegate.swift in Sources */ = {isa = PBXBuildFile; fileRef = FFAFF3FE2BEC87F9004C5C8D /* CollectionViewCellDelegate.swift */; };
/* End PBXBuildFile section */

/* Begin PBXFileReference section */
		FFAFF3B12BEA04A0004C5C8D /* BookListApp.app */ = {isa = PBXFileReference; explicitFileType = wrapper.application; includeInIndex = 0; path = BookListApp.app; sourceTree = BUILT_PRODUCTS_DIR; };
		FFAFF3B42BEA04A0004C5C8D /* AppDelegate.swift */ = {isa = PBXFileReference; lastKnownFileType = sourcecode.swift; path = AppDelegate.swift; sourceTree = "<group>"; };
		FFAFF3B62BEA04A0004C5C8D /* SceneDelegate.swift */ = {isa = PBXFileReference; lastKnownFileType = sourcecode.swift; path = SceneDelegate.swift; sourceTree = "<group>"; };
		FFAFF3B82BEA04A0004C5C8D /* ViewController.swift */ = {isa = PBXFileReference; lastKnownFileType = sourcecode.swift; path = ViewController.swift; sourceTree = "<group>"; };
		FFAFF3BD2BEA04A2004C5C8D /* Assets.xcassets */ = {isa = PBXFileReference; lastKnownFileType = folder.assetcatalog; path = Assets.xcassets; sourceTree = "<group>"; };
		FFAFF3C02BEA04A2004C5C8D /* Base */ = {isa = PBXFileReference; lastKnownFileType = file.storyboard; name = Base; path = Base.lproj/LaunchScreen.storyboard; sourceTree = "<group>"; };
		FFAFF3C22BEA04A2004C5C8D /* Info.plist */ = {isa = PBXFileReference; lastKnownFileType = text.plist.xml; path = Info.plist; sourceTree = "<group>"; };
		FFAFF3CB2BEA054A004C5C8D /* BookData.swift */ = {isa = PBXFileReference; lastKnownFileType = sourcecode.swift; path = BookData.swift; sourceTree = "<group>"; };
		FFAFF3DE2BEA0B83004C5C8D /* CollectionViewCell.swift */ = {isa = PBXFileReference; lastKnownFileType = sourcecode.swift; path = CollectionViewCell.swift; sourceTree = "<group>"; };
		FFAFF3E22BEA466D004C5C8D /* ImageViewCell.swift */ = {isa = PBXFileReference; lastKnownFileType = sourcecode.swift; path = ImageViewCell.swift; sourceTree = "<group>"; };
		FFAFF3E62BEAA391004C5C8D /* State.swift */ = {isa = PBXFileReference; lastKnownFileType = sourcecode.swift; path = State.swift; sourceTree = "<group>"; };
		FFAFF3F02BEAB6B8004C5C8D /* SearchListViewCell.swift */ = {isa = PBXFileReference; lastKnownFileType = sourcecode.swift; path = SearchListViewCell.swift; sourceTree = "<group>"; };
		FFAFF3F42BEB7D3D004C5C8D /* WishListView.swift */ = {isa = PBXFileReference; lastKnownFileType = sourcecode.swift; path = WishListView.swift; sourceTree = "<group>"; };
		FFAFF3F62BEB942F004C5C8D /* NetworkManager.swift */ = {isa = PBXFileReference; lastKnownFileType = sourcecode.swift; path = NetworkManager.swift; sourceTree = "<group>"; };
		FFAFF3F82BEB9A69004C5C8D /* MainViewModel.swift */ = {isa = PBXFileReference; lastKnownFileType = sourcecode.swift; path = MainViewModel.swift; sourceTree = "<group>"; };
		FFAFF3FA2BEBDE18004C5C8D /* Main.storyboard */ = {isa = PBXFileReference; fileEncoding = 4; lastKnownFileType = file.storyboard; path = Main.storyboard; sourceTree = "<group>"; };
		FFAFF3FC2BEC1E1C004C5C8D /* DetailView.swift */ = {isa = PBXFileReference; lastKnownFileType = sourcecode.swift; path = DetailView.swift; sourceTree = "<group>"; };
		FFAFF3FE2BEC87F9004C5C8D /* CollectionViewCellDelegate.swift */ = {isa = PBXFileReference; lastKnownFileType = sourcecode.swift; path = CollectionViewCellDelegate.swift; sourceTree = "<group>"; };
/* End PBXFileReference section */

/* Begin PBXFrameworksBuildPhase section */
		FFAFF3AE2BEA04A0004C5C8D /* Frameworks */ = {
			isa = PBXFrameworksBuildPhase;
			buildActionMask = 2147483647;
			files = (
				FFAFF3CF2BEA065B004C5C8D /* Kingfisher in Frameworks */,
				FFAFF3D72BEA067E004C5C8D /* Alamofire in Frameworks */,
				FFAFF3D92BEA067E004C5C8D /* AlamofireDynamic in Frameworks */,
				FFAFF3D22BEA0669004C5C8D /* SnapKit in Frameworks */,
				FFAFF3D42BEA0669004C5C8D /* SnapKit-Dynamic in Frameworks */,
			);
			runOnlyForDeploymentPostprocessing = 0;
		};
/* End PBXFrameworksBuildPhase section */

/* Begin PBXGroup section */
		FFAFF3A82BEA04A0004C5C8D = {
			isa = PBXGroup;
			children = (
				FFAFF3B32BEA04A0004C5C8D /* BookListApp */,
				FFAFF3B22BEA04A0004C5C8D /* Products */,
			);
			sourceTree = "<group>";
		};
		FFAFF3B22BEA04A0004C5C8D /* Products */ = {
			isa = PBXGroup;
			children = (
				FFAFF3B12BEA04A0004C5C8D /* BookListApp.app */,
			);
			name = Products;
			sourceTree = "<group>";
		};
		FFAFF3B32BEA04A0004C5C8D /* BookListApp */ = {
			isa = PBXGroup;
			children = (
				FFAFF3C82BEA04D8004C5C8D /* Models */,
				FFAFF3C92BEA04E0004C5C8D /* Views */,
				FFAFF3CA2BEA04F4004C5C8D /* ViewModels */,
				FFAFF3B42BEA04A0004C5C8D /* AppDelegate.swift */,
				FFAFF3B62BEA04A0004C5C8D /* SceneDelegate.swift */,
				FFAFF3BD2BEA04A2004C5C8D /* Assets.xcassets */,
				FFAFF3BF2BEA04A2004C5C8D /* LaunchScreen.storyboard */,
				FFAFF3C22BEA04A2004C5C8D /* Info.plist */,
			);
			path = BookListApp;
			sourceTree = "<group>";
		};
		FFAFF3C82BEA04D8004C5C8D /* Models */ = {
			isa = PBXGroup;
			children = (
				FFAFF3CB2BEA054A004C5C8D /* BookData.swift */,
				FFAFF3E62BEAA391004C5C8D /* State.swift */,
			);
			path = Models;
			sourceTree = "<group>";
		};
		FFAFF3C92BEA04E0004C5C8D /* Views */ = {
			isa = PBXGroup;
			children = (
				FFAFF3FA2BEBDE18004C5C8D /* Main.storyboard */,
				FFAFF3B82BEA04A0004C5C8D /* ViewController.swift */,
				FFAFF3DE2BEA0B83004C5C8D /* CollectionViewCell.swift */,
				FFAFF3E22BEA466D004C5C8D /* ImageViewCell.swift */,
				FFAFF3F02BEAB6B8004C5C8D /* SearchListViewCell.swift */,
				FFAFF3F42BEB7D3D004C5C8D /* WishListView.swift */,
				FFAFF3FC2BEC1E1C004C5C8D /* DetailView.swift */,
				FFAFF3FE2BEC87F9004C5C8D /* CollectionViewCellDelegate.swift */,
			);
			path = Views;
			sourceTree = "<group>";
		};
		FFAFF3CA2BEA04F4004C5C8D /* ViewModels */ = {
			isa = PBXGroup;
			children = (
				FFAFF3F62BEB942F004C5C8D /* NetworkManager.swift */,
				FFAFF3F82BEB9A69004C5C8D /* MainViewModel.swift */,
			);
			path = ViewModels;
			sourceTree = "<group>";
		};
/* End PBXGroup section */

/* Begin PBXNativeTarget section */
		FFAFF3B02BEA04A0004C5C8D /* BookListApp */ = {
			isa = PBXNativeTarget;
			buildConfigurationList = FFAFF3C52BEA04A2004C5C8D /* Build configuration list for PBXNativeTarget "BookListApp" */;
			buildPhases = (
				FFAFF3AD2BEA04A0004C5C8D /* Sources */,
				FFAFF3AE2BEA04A0004C5C8D /* Frameworks */,
				FFAFF3AF2BEA04A0004C5C8D /* Resources */,
			);
			buildRules = (
			);
			dependencies = (
			);
			name = BookListApp;
			packageProductDependencies = (
				FFAFF3CE2BEA065B004C5C8D /* Kingfisher */,
				FFAFF3D12BEA0669004C5C8D /* SnapKit */,
				FFAFF3D32BEA0669004C5C8D /* SnapKit-Dynamic */,
				FFAFF3D62BEA067E004C5C8D /* Alamofire */,
				FFAFF3D82BEA067E004C5C8D /* AlamofireDynamic */,
			);
			productName = BookListApp;
			productReference = FFAFF3B12BEA04A0004C5C8D /* BookListApp.app */;
			productType = "com.apple.product-type.application";
		};
/* End PBXNativeTarget section */

/* Begin PBXProject section */
		FFAFF3A92BEA04A0004C5C8D /* Project object */ = {
			isa = PBXProject;
			attributes = {
				BuildIndependentTargetsInParallel = 1;
				LastSwiftUpdateCheck = 1530;
				LastUpgradeCheck = 1530;
				TargetAttributes = {
					FFAFF3B02BEA04A0004C5C8D = {
						CreatedOnToolsVersion = 15.3;
					};
				};
			};
			buildConfigurationList = FFAFF3AC2BEA04A0004C5C8D /* Build configuration list for PBXProject "BookListApp" */;
			compatibilityVersion = "Xcode 14.0";
			developmentRegion = en;
			hasScannedForEncodings = 0;
			knownRegions = (
				en,
				Base,
			);
			mainGroup = FFAFF3A82BEA04A0004C5C8D;
			packageReferences = (
				FFAFF3CD2BEA065B004C5C8D /* XCRemoteSwiftPackageReference "Kingfisher" */,
				FFAFF3D02BEA0669004C5C8D /* XCRemoteSwiftPackageReference "SnapKit" */,
				FFAFF3D52BEA067E004C5C8D /* XCRemoteSwiftPackageReference "Alamofire" */,
			);
			productRefGroup = FFAFF3B22BEA04A0004C5C8D /* Products */;
			projectDirPath = "";
			projectRoot = "";
			targets = (
				FFAFF3B02BEA04A0004C5C8D /* BookListApp */,
			);
		};
/* End PBXProject section */

/* Begin PBXResourcesBuildPhase section */
		FFAFF3AF2BEA04A0004C5C8D /* Resources */ = {
			isa = PBXResourcesBuildPhase;
			buildActionMask = 2147483647;
			files = (
				FFAFF3FB2BEBDE18004C5C8D /* Main.storyboard in Resources */,
				FFAFF3BE2BEA04A2004C5C8D /* Assets.xcassets in Resources */,
				FFAFF3C12BEA04A2004C5C8D /* Base in Resources */,
			);
			runOnlyForDeploymentPostprocessing = 0;
		};
/* End PBXResourcesBuildPhase section */

/* Begin PBXSourcesBuildPhase section */
		FFAFF3AD2BEA04A0004C5C8D /* Sources */ = {
			isa = PBXSourcesBuildPhase;
			buildActionMask = 2147483647;
			files = (
				FFAFF3B92BEA04A0004C5C8D /* ViewController.swift in Sources */,
				FFAFF3FD2BEC1E1C004C5C8D /* DetailView.swift in Sources */,
				FFAFF3B52BEA04A0004C5C8D /* AppDelegate.swift in Sources */,
				FFAFF3FF2BEC87F9004C5C8D /* CollectionViewCellDelegate.swift in Sources */,
				FFAFF3F72BEB942F004C5C8D /* NetworkManager.swift in Sources */,
				FFAFF3F52BEB7D3D004C5C8D /* WishListView.swift in Sources */,
				FFAFF3E02BEA0B83004C5C8D /* CollectionViewCell.swift in Sources */,
				FFAFF3CC2BEA054A004C5C8D /* BookData.swift in Sources */,
				FFAFF3E42BEA466D004C5C8D /* ImageViewCell.swift in Sources */,
				FFAFF3F22BEAB6B8004C5C8D /* SearchListViewCell.swift in Sources */,
				FFAFF3E72BEAA391004C5C8D /* State.swift in Sources */,
				FFAFF3B72BEA04A0004C5C8D /* SceneDelegate.swift in Sources */,
				FFAFF3F92BEB9A6A004C5C8D /* MainViewModel.swift in Sources */,
			);
			runOnlyForDeploymentPostprocessing = 0;
		};
/* End PBXSourcesBuildPhase section */

/* Begin PBXVariantGroup section */
		FFAFF3BF2BEA04A2004C5C8D /* LaunchScreen.storyboard */ = {
			isa = PBXVariantGroup;
			children = (
				FFAFF3C02BEA04A2004C5C8D /* Base */,
			);
			name = LaunchScreen.storyboard;
			sourceTree = "<group>";
		};
/* End PBXVariantGroup section */

/* Begin XCBuildConfiguration section */
		FFAFF3C32BEA04A2004C5C8D /* Debug */ = {
			isa = XCBuildConfiguration;
			buildSettings = {
				ALWAYS_SEARCH_USER_PATHS = NO;
				ASSETCATALOG_COMPILER_GENERATE_SWIFT_ASSET_SYMBOL_EXTENSIONS = YES;
				CLANG_ANALYZER_NONNULL = YES;
				CLANG_ANALYZER_NUMBER_OBJECT_CONVERSION = YES_AGGRESSIVE;
				CLANG_CXX_LANGUAGE_STANDARD = "gnu++20";
				CLANG_ENABLE_MODULES = YES;
				CLANG_ENABLE_OBJC_ARC = YES;
				CLANG_ENABLE_OBJC_WEAK = YES;
				CLANG_WARN_BLOCK_CAPTURE_AUTORELEASING = YES;
				CLANG_WARN_BOOL_CONVERSION = YES;
				CLANG_WARN_COMMA = YES;
				CLANG_WARN_CONSTANT_CONVERSION = YES;
				CLANG_WARN_DEPRECATED_OBJC_IMPLEMENTATIONS = YES;
				CLANG_WARN_DIRECT_OBJC_ISA_USAGE = YES_ERROR;
				CLANG_WARN_DOCUMENTATION_COMMENTS = YES;
				CLANG_WARN_EMPTY_BODY = YES;
				CLANG_WARN_ENUM_CONVERSION = YES;
				CLANG_WARN_INFINITE_RECURSION = YES;
				CLANG_WARN_INT_CONVERSION = YES;
				CLANG_WARN_NON_LITERAL_NULL_CONVERSION = YES;
				CLANG_WARN_OBJC_IMPLICIT_RETAIN_SELF = YES;
				CLANG_WARN_OBJC_LITERAL_CONVERSION = YES;
				CLANG_WARN_OBJC_ROOT_CLASS = YES_ERROR;
				CLANG_WARN_QUOTED_INCLUDE_IN_FRAMEWORK_HEADER = YES;
				CLANG_WARN_RANGE_LOOP_ANALYSIS = YES;
				CLANG_WARN_STRICT_PROTOTYPES = YES;
				CLANG_WARN_SUSPICIOUS_MOVE = YES;
				CLANG_WARN_UNGUARDED_AVAILABILITY = YES_AGGRESSIVE;
				CLANG_WARN_UNREACHABLE_CODE = YES;
				CLANG_WARN__DUPLICATE_METHOD_MATCH = YES;
				COPY_PHASE_STRIP = NO;
				DEBUG_INFORMATION_FORMAT = dwarf;
				ENABLE_STRICT_OBJC_MSGSEND = YES;
				ENABLE_TESTABILITY = YES;
				ENABLE_USER_SCRIPT_SANDBOXING = YES;
				GCC_C_LANGUAGE_STANDARD = gnu17;
				GCC_DYNAMIC_NO_PIC = NO;
				GCC_NO_COMMON_BLOCKS = YES;
				GCC_OPTIMIZATION_LEVEL = 0;
				GCC_PREPROCESSOR_DEFINITIONS = (
					"DEBUG=1",
					"$(inherited)",
				);
				GCC_WARN_64_TO_32_BIT_CONVERSION = YES;
				GCC_WARN_ABOUT_RETURN_TYPE = YES_ERROR;
				GCC_WARN_UNDECLARED_SELECTOR = YES;
				GCC_WARN_UNINITIALIZED_AUTOS = YES_AGGRESSIVE;
				GCC_WARN_UNUSED_FUNCTION = YES;
				GCC_WARN_UNUSED_VARIABLE = YES;
				IPHONEOS_DEPLOYMENT_TARGET = 17.4;
				LOCALIZATION_PREFERS_STRING_CATALOGS = YES;
				MTL_ENABLE_DEBUG_INFO = INCLUDE_SOURCE;
				MTL_FAST_MATH = YES;
				ONLY_ACTIVE_ARCH = YES;
				SDKROOT = iphoneos;
				SWIFT_ACTIVE_COMPILATION_CONDITIONS = "DEBUG $(inherited)";
				SWIFT_OPTIMIZATION_LEVEL = "-Onone";
			};
			name = Debug;
		};
		FFAFF3C42BEA04A2004C5C8D /* Release */ = {
			isa = XCBuildConfiguration;
			buildSettings = {
				ALWAYS_SEARCH_USER_PATHS = NO;
				ASSETCATALOG_COMPILER_GENERATE_SWIFT_ASSET_SYMBOL_EXTENSIONS = YES;
				CLANG_ANALYZER_NONNULL = YES;
				CLANG_ANALYZER_NUMBER_OBJECT_CONVERSION = YES_AGGRESSIVE;
				CLANG_CXX_LANGUAGE_STANDARD = "gnu++20";
				CLANG_ENABLE_MODULES = YES;
				CLANG_ENABLE_OBJC_ARC = YES;
				CLANG_ENABLE_OBJC_WEAK = YES;
				CLANG_WARN_BLOCK_CAPTURE_AUTORELEASING = YES;
				CLANG_WARN_BOOL_CONVERSION = YES;
				CLANG_WARN_COMMA = YES;
				CLANG_WARN_CONSTANT_CONVERSION = YES;
				CLANG_WARN_DEPRECATED_OBJC_IMPLEMENTATIONS = YES;
				CLANG_WARN_DIRECT_OBJC_ISA_USAGE = YES_ERROR;
				CLANG_WARN_DOCUMENTATION_COMMENTS = YES;
				CLANG_WARN_EMPTY_BODY = YES;
				CLANG_WARN_ENUM_CONVERSION = YES;
				CLANG_WARN_INFINITE_RECURSION = YES;
				CLANG_WARN_INT_CONVERSION = YES;
				CLANG_WARN_NON_LITERAL_NULL_CONVERSION = YES;
				CLANG_WARN_OBJC_IMPLICIT_RETAIN_SELF = YES;
				CLANG_WARN_OBJC_LITERAL_CONVERSION = YES;
				CLANG_WARN_OBJC_ROOT_CLASS = YES_ERROR;
				CLANG_WARN_QUOTED_INCLUDE_IN_FRAMEWORK_HEADER = YES;
				CLANG_WARN_RANGE_LOOP_ANALYSIS = YES;
				CLANG_WARN_STRICT_PROTOTYPES = YES;
				CLANG_WARN_SUSPICIOUS_MOVE = YES;
				CLANG_WARN_UNGUARDED_AVAILABILITY = YES_AGGRESSIVE;
				CLANG_WARN_UNREACHABLE_CODE = YES;
				CLANG_WARN__DUPLICATE_METHOD_MATCH = YES;
				COPY_PHASE_STRIP = NO;
				DEBUG_INFORMATION_FORMAT = "dwarf-with-dsym";
				ENABLE_NS_ASSERTIONS = NO;
				ENABLE_STRICT_OBJC_MSGSEND = YES;
				ENABLE_USER_SCRIPT_SANDBOXING = YES;
				GCC_C_LANGUAGE_STANDARD = gnu17;
				GCC_NO_COMMON_BLOCKS = YES;
				GCC_WARN_64_TO_32_BIT_CONVERSION = YES;
				GCC_WARN_ABOUT_RETURN_TYPE = YES_ERROR;
				GCC_WARN_UNDECLARED_SELECTOR = YES;
				GCC_WARN_UNINITIALIZED_AUTOS = YES_AGGRESSIVE;
				GCC_WARN_UNUSED_FUNCTION = YES;
				GCC_WARN_UNUSED_VARIABLE = YES;
				IPHONEOS_DEPLOYMENT_TARGET = 17.4;
				LOCALIZATION_PREFERS_STRING_CATALOGS = YES;
				MTL_ENABLE_DEBUG_INFO = NO;
				MTL_FAST_MATH = YES;
				SDKROOT = iphoneos;
				SWIFT_COMPILATION_MODE = wholemodule;
				VALIDATE_PRODUCT = YES;
			};
			name = Release;
		};
		FFAFF3C62BEA04A2004C5C8D /* Debug */ = {
			isa = XCBuildConfiguration;
			buildSettings = {
				ASSETCATALOG_COMPILER_APPICON_NAME = AppIcon;
				ASSETCATALOG_COMPILER_GLOBAL_ACCENT_COLOR_NAME = AccentColor;
				CODE_SIGN_STYLE = Automatic;
				CURRENT_PROJECT_VERSION = 1;
				DEVELOPMENT_TEAM = 5259JUBP8W;
				GENERATE_INFOPLIST_FILE = YES;
				INFOPLIST_FILE = BookListApp/Info.plist;
				INFOPLIST_KEY_UIApplicationSupportsIndirectInputEvents = YES;
				INFOPLIST_KEY_UILaunchStoryboardName = LaunchScreen;
				INFOPLIST_KEY_UIMainStoryboardFile = Main;
				INFOPLIST_KEY_UISupportedInterfaceOrientations_iPad = "UIInterfaceOrientationPortrait UIInterfaceOrientationPortraitUpsideDown UIInterfaceOrientationLandscapeLeft UIInterfaceOrientationLandscapeRight";
				INFOPLIST_KEY_UISupportedInterfaceOrientations_iPhone = "UIInterfaceOrientationPortrait UIInterfaceOrientationLandscapeLeft UIInterfaceOrientationLandscapeRight";
				LD_RUNPATH_SEARCH_PATHS = (
					"$(inherited)",
					"@executable_path/Frameworks",
				);
				MARKETING_VERSION = 1.0;
				PRODUCT_BUNDLE_IDENTIFIER = com.Seunghyeon.BookListApp;
				PRODUCT_NAME = "$(TARGET_NAME)";
				SWIFT_EMIT_LOC_STRINGS = YES;
				SWIFT_VERSION = 5.0;
				TARGETED_DEVICE_FAMILY = "1,2";
			};
			name = Debug;
		};
		FFAFF3C72BEA04A2004C5C8D /* Release */ = {
			isa = XCBuildConfiguration;
			buildSettings = {
				ASSETCATALOG_COMPILER_APPICON_NAME = AppIcon;
				ASSETCATALOG_COMPILER_GLOBAL_ACCENT_COLOR_NAME = AccentColor;
				CODE_SIGN_STYLE = Automatic;
				CURRENT_PROJECT_VERSION = 1;
				DEVELOPMENT_TEAM = 5259JUBP8W;
				GENERATE_INFOPLIST_FILE = YES;
				INFOPLIST_FILE = BookListApp/Info.plist;
				INFOPLIST_KEY_UIApplicationSupportsIndirectInputEvents = YES;
				INFOPLIST_KEY_UILaunchStoryboardName = LaunchScreen;
				INFOPLIST_KEY_UIMainStoryboardFile = Main;
				INFOPLIST_KEY_UISupportedInterfaceOrientations_iPad = "UIInterfaceOrientationPortrait UIInterfaceOrientationPortraitUpsideDown UIInterfaceOrientationLandscapeLeft UIInterfaceOrientationLandscapeRight";
				INFOPLIST_KEY_UISupportedInterfaceOrientations_iPhone = "UIInterfaceOrientationPortrait UIInterfaceOrientationLandscapeLeft UIInterfaceOrientationLandscapeRight";
				LD_RUNPATH_SEARCH_PATHS = (
					"$(inherited)",
					"@executable_path/Frameworks",
				);
				MARKETING_VERSION = 1.0;
				PRODUCT_BUNDLE_IDENTIFIER = com.Seunghyeon.BookListApp;
				PRODUCT_NAME = "$(TARGET_NAME)";
				SWIFT_EMIT_LOC_STRINGS = YES;
				SWIFT_VERSION = 5.0;
				TARGETED_DEVICE_FAMILY = "1,2";
			};
			name = Release;
		};
/* End XCBuildConfiguration section */

/* Begin XCConfigurationList section */
		FFAFF3AC2BEA04A0004C5C8D /* Build configuration list for PBXProject "BookListApp" */ = {
			isa = XCConfigurationList;
			buildConfigurations = (
				FFAFF3C32BEA04A2004C5C8D /* Debug */,
				FFAFF3C42BEA04A2004C5C8D /* Release */,
			);
			defaultConfigurationIsVisible = 0;
			defaultConfigurationName = Release;
		};
		FFAFF3C52BEA04A2004C5C8D /* Build configuration list for PBXNativeTarget "BookListApp" */ = {
			isa = XCConfigurationList;
			buildConfigurations = (
				FFAFF3C62BEA04A2004C5C8D /* Debug */,
				FFAFF3C72BEA04A2004C5C8D /* Release */,
			);
			defaultConfigurationIsVisible = 0;
			defaultConfigurationName = Release;
		};
/* End XCConfigurationList section */

/* Begin XCRemoteSwiftPackageReference section */
		FFAFF3CD2BEA065B004C5C8D /* XCRemoteSwiftPackageReference "Kingfisher" */ = {
			isa = XCRemoteSwiftPackageReference;
			repositoryURL = "https://github.com/onevcat/Kingfisher";
			requirement = {
				kind = exactVersion;
				version = 7.11.0;
			};
		};
		FFAFF3D02BEA0669004C5C8D /* XCRemoteSwiftPackageReference "SnapKit" */ = {
			isa = XCRemoteSwiftPackageReference;
			repositoryURL = "https://github.com/SnapKit/SnapKit";
			requirement = {
				kind = exactVersion;
				version = 5.7.1;
			};
		};
		FFAFF3D52BEA067E004C5C8D /* XCRemoteSwiftPackageReference "Alamofire" */ = {
			isa = XCRemoteSwiftPackageReference;
			repositoryURL = "https://github.com/Alamofire/Alamofire";
			requirement = {
				kind = exactVersion;
				version = 5.9.1;
			};
		};
/* End XCRemoteSwiftPackageReference section */

/* Begin XCSwiftPackageProductDependency section */
		FFAFF3CE2BEA065B004C5C8D /* Kingfisher */ = {
			isa = XCSwiftPackageProductDependency;
			package = FFAFF3CD2BEA065B004C5C8D /* XCRemoteSwiftPackageReference "Kingfisher" */;
			productName = Kingfisher;
		};
		FFAFF3D12BEA0669004C5C8D /* SnapKit */ = {
			isa = XCSwiftPackageProductDependency;
			package = FFAFF3D02BEA0669004C5C8D /* XCRemoteSwiftPackageReference "SnapKit" */;
			productName = SnapKit;
		};
		FFAFF3D32BEA0669004C5C8D /* SnapKit-Dynamic */ = {
			isa = XCSwiftPackageProductDependency;
			package = FFAFF3D02BEA0669004C5C8D /* XCRemoteSwiftPackageReference "SnapKit" */;
			productName = "SnapKit-Dynamic";
		};
		FFAFF3D62BEA067E004C5C8D /* Alamofire */ = {
			isa = XCSwiftPackageProductDependency;
			package = FFAFF3D52BEA067E004C5C8D /* XCRemoteSwiftPackageReference "Alamofire" */;
			productName = Alamofire;
		};
		FFAFF3D82BEA067E004C5C8D /* AlamofireDynamic */ = {
			isa = XCSwiftPackageProductDependency;
			package = FFAFF3D52BEA067E004C5C8D /* XCRemoteSwiftPackageReference "Alamofire" */;
			productName = AlamofireDynamic;
		};
/* End XCSwiftPackageProductDependency section */
	};
	rootObject = FFAFF3A92BEA04A0004C5C8D /* Project object */;
}
